
Microsoft Visual Studio Solution File, Format Version 12.00
# Visual Studio Version 17
VisualStudioVersion = 17.1.32319.34
MinimumVisualStudioVersion = 10.0.40219.1
Project("{FAE04EC0-301F-11D3-BF4B-00C04F79EFBC}") = "raktarApp", "raktarApp\raktarApp.csproj", "{DA3A6025-B52B-4E87-8EAB-7125C73788CA}"
EndProject
Global
	GlobalSection(SolutionConfigurationPlatforms) = preSolution
		Debug|Any CPU = Debug|Any CPU
		Release|Any CPU = Release|Any CPU
	EndGlobalSection
	GlobalSection(ProjectConfigurationPlatforms) = postSolution
		{DA3A6025-B52B-4E87-8EAB-7125C73788CA}.Debug|Any CPU.ActiveCfg = Debug|Any CPU
		{DA3A6025-B52B-4E87-8EAB-7125C73788CA}.Debug|Any CPU.Build.0 = Debug|Any CPU
		{DA3A6025-B52B-4E87-8EAB-7125C73788CA}.Release|Any CPU.ActiveCfg = Release|Any CPU
		{DA3A6025-B52B-4E87-8EAB-7125C73788CA}.Release|Any CPU.Build.0 = Release|Any CPU
	EndGlobalSection
	GlobalSection(SolutionProperties) = preSolution
		HideSolutionNode = FALSE
	EndGlobalSection
	GlobalSection(ExtensibilityGlobals) = postSolution
		SolutionGuid = {92D5E129-B306-4E48-866C-6A87D6DF3AAF}
	EndGlobalSection
EndGlobal
